{
  "version": 4,
  "terraform_version": "1.0.10",
  "serial": 247,
  "lineage": "26f0e945-bfc6-7453-a107-ad3fcfdef375",
  "outputs": {
    "access-app": {
      "value": " ... \nOpen your browser and type cloud.thiagofmleite.com to access the application.",
      "type": "string"
    },
    "thiagocloud_monitor_static_ip": {
      "value": "34.149.161.140",
      "type": "string"
    },
    "thiagocloud_static_ip": {
      "value": "34.149.14.104",
      "type": "string"
    }
  },
  "resources": [
    {
      "mode": "managed",
      "type": "google_compute_global_address",
      "name": "thiagocloud_monitor_static_ip",
      "provider": "provider[\"registry.terraform.io/hashicorp/google\"]",
      "instances": [
        {
          "schema_version": 0,
          "attributes": {
            "address": "34.149.161.140",
            "address_type": "EXTERNAL",
            "creation_timestamp": "2021-11-14T11:35:53.078-08:00",
            "description": "",
            "id": "projects/dxxr-331522/global/addresses/thiagocloud-monitor-static-ip",
            "ip_version": "",
            "name": "thiagocloud-monitor-static-ip",
            "network": "",
            "prefix_length": 0,
            "project": "dxxr-331522",
            "purpose": "",
            "self_link": "https://www.googleapis.com/compute/v1/projects/dxxr-331522/global/addresses/thiagocloud-monitor-static-ip",
            "timeouts": null
          },
          "sensitive_attributes": [],
          "private": "eyJlMmJmYjczMC1lY2FhLTExZTYtOGY4OC0zNDM2M2JjN2M0YzAiOnsiY3JlYXRlIjoyNDAwMDAwMDAwMDAsImRlbGV0ZSI6MjQwMDAwMDAwMDAwfX0="
        }
      ]
    },
    {
      "mode": "managed",
      "type": "google_compute_global_address",
      "name": "thiagocloud_static_ip",
      "provider": "provider[\"registry.terraform.io/hashicorp/google\"]",
      "instances": [
        {
          "schema_version": 0,
          "attributes": {
            "address": "34.149.14.104",
            "address_type": "EXTERNAL",
            "creation_timestamp": "2021-11-14T11:35:53.080-08:00",
            "description": "",
            "id": "projects/dxxr-331522/global/addresses/thiagocloud-static-ip",
            "ip_version": "",
            "name": "thiagocloud-static-ip",
            "network": "",
            "prefix_length": 0,
            "project": "dxxr-331522",
            "purpose": "",
            "self_link": "https://www.googleapis.com/compute/v1/projects/dxxr-331522/global/addresses/thiagocloud-static-ip",
            "timeouts": null
          },
          "sensitive_attributes": [],
          "private": "eyJlMmJmYjczMC1lY2FhLTExZTYtOGY4OC0zNDM2M2JjN2M0YzAiOnsiY3JlYXRlIjoyNDAwMDAwMDAwMDAsImRlbGV0ZSI6MjQwMDAwMDAwMDAwfX0="
        }
      ]
    },
    {
      "mode": "managed",
      "type": "google_dns_managed_zone",
      "name": "primary",
      "provider": "provider[\"registry.terraform.io/hashicorp/google\"]",
      "instances": [
        {
          "schema_version": 0,
          "attributes": {
            "description": "DNS zone for the Thiago Cloud",
            "dns_name": "cloud.thiagofmleite.com.",
            "dnssec_config": [],
            "force_destroy": false,
            "forwarding_config": [],
            "id": "projects/dxxr-331522/managedZones/thiagocloud-zone",
            "labels": {},
            "name": "thiagocloud-zone",
            "name_servers": [
              "ns-cloud-d1.googledomains.com.",
              "ns-cloud-d2.googledomains.com.",
              "ns-cloud-d3.googledomains.com.",
              "ns-cloud-d4.googledomains.com."
            ],
            "peering_config": [],
            "private_visibility_config": [],
            "project": "dxxr-331522",
            "timeouts": null,
            "visibility": "public"
          },
          "sensitive_attributes": [],
          "private": "eyJlMmJmYjczMC1lY2FhLTExZTYtOGY4OC0zNDM2M2JjN2M0YzAiOnsiY3JlYXRlIjoyNDAwMDAwMDAwMDAsImRlbGV0ZSI6MjQwMDAwMDAwMDAwLCJ1cGRhdGUiOjI0MDAwMDAwMDAwMH19"
        }
      ]
    },
    {
      "mode": "managed",
      "type": "google_dns_record_set",
      "name": "a_monitor_thiagocloud",
      "provider": "provider[\"registry.terraform.io/hashicorp/google\"]",
      "instances": [
        {
          "schema_version": 0,
          "attributes": {
            "id": "projects/dxxr-331522/managedZones/thiagocloud-zone/rrsets/monitor.cloud.thiagofmleite.com./A",
            "managed_zone": "thiagocloud-zone",
            "name": "monitor.cloud.thiagofmleite.com.",
            "project": "dxxr-331522",
            "rrdatas": [
              "34.149.161.140"
            ],
            "ttl": 300,
            "type": "A"
          },
          "sensitive_attributes": [],
          "private": "bnVsbA==",
          "dependencies": [
            "google_compute_global_address.thiagocloud_monitor_static_ip",
            "google_dns_managed_zone.primary"
          ]
        }
      ]
    },
    {
      "mode": "managed",
      "type": "google_dns_record_set",
      "name": "a_thiagocloud",
      "provider": "provider[\"registry.terraform.io/hashicorp/google\"]",
      "instances": [
        {
          "schema_version": 0,
          "attributes": {
            "id": "projects/dxxr-331522/managedZones/thiagocloud-zone/rrsets/cloud.thiagofmleite.com./A",
            "managed_zone": "thiagocloud-zone",
            "name": "cloud.thiagofmleite.com.",
            "project": "dxxr-331522",
            "rrdatas": [
              "34.149.14.104"
            ],
            "ttl": 300,
            "type": "A"
          },
          "sensitive_attributes": [],
          "private": "bnVsbA==",
          "dependencies": [
            "google_compute_global_address.thiagocloud_static_ip",
            "google_dns_managed_zone.primary"
          ]
        }
      ]
    },
    {
      "mode": "managed",
      "type": "google_dns_record_set",
      "name": "cname_thiagocloud",
      "provider": "provider[\"registry.terraform.io/hashicorp/google\"]",
      "instances": [
        {
          "schema_version": 0,
          "attributes": {
            "id": "projects/dxxr-331522/managedZones/thiagocloud-zone/rrsets/www.cloud.thiagofmleite.com./CNAME",
            "managed_zone": "thiagocloud-zone",
            "name": "www.cloud.thiagofmleite.com.",
            "project": "dxxr-331522",
            "rrdatas": [
              "cloud.thiagofmleite.com."
            ],
            "ttl": 300,
            "type": "CNAME"
          },
          "sensitive_attributes": [],
          "private": "bnVsbA==",
          "dependencies": [
            "google_dns_managed_zone.primary"
          ]
        }
      ]
    },
    {
      "module": "module.app_deploy",
      "mode": "managed",
      "type": "helm_release",
      "name": "myapp",
      "provider": "provider[\"registry.terraform.io/hashicorp/helm\"]",
      "instances": [
        {
          "schema_version": 0,
          "attributes": {
            "atomic": false,
            "chart": "guestbook",
            "cleanup_on_fail": false,
            "create_namespace": false,
            "dependency_update": false,
            "description": null,
            "devel": null,
            "disable_crd_hooks": false,
            "disable_openapi_validation": false,
            "disable_webhooks": false,
            "force_update": false,
            "id": "guestbook",
            "keyring": null,
            "lint": false,
            "manifest": null,
            "max_history": 0,
            "metadata": [
              {
                "app_version": "v4",
                "chart": "guestbook",
                "name": "guestbook",
                "namespace": "default",
                "revision": 1,
                "values": "{\"protocolHttp\":true,\"rbac\":{\"clusterReadOnlyRole\":true},\"replicaCount\":2,\"service\":{\"port\":8080}}",
                "version": "0.1.0"
              }
            ],
            "name": "guestbook",
            "namespace": "default",
            "postrender": [],
            "recreate_pods": false,
            "render_subchart_notes": true,
            "replace": false,
            "repository": "https://raw.githubusercontent.com/thigu/job-test/main/my-cluster/k8s-config/charts/",
            "repository_ca_file": null,
            "repository_cert_file": null,
            "repository_key_file": null,
            "repository_password": null,
            "repository_username": null,
            "reset_values": false,
            "reuse_values": false,
            "set": [
              {
                "name": "protocolHttp",
                "type": "",
                "value": "true"
              },
              {
                "name": "rbac.clusterReadOnlyRole",
                "type": "",
                "value": "true"
              },
              {
                "name": "replicaCount",
                "type": "",
                "value": "2"
              },
              {
                "name": "service.port",
                "type": "",
                "value": "8080"
              }
            ],
            "set_sensitive": [],
            "skip_crds": false,
            "status": "deployed",
            "timeout": 300,
            "values": null,
            "verify": false,
            "version": "0.1.0",
            "wait": true,
            "wait_for_jobs": false
          },
          "sensitive_attributes": [],
          "private": "bnVsbA==",
          "dependencies": [
            "module.kubernetes_cluster.google_container_cluster.primary",
            "module.vpc_network.google_compute_network.ntw"
          ]
        }
      ]
    },
    {
      "module": "module.app_deploy",
      "mode": "managed",
      "type": "kubernetes_ingress",
      "name": "ingress",
      "provider": "provider[\"registry.terraform.io/hashicorp/kubernetes\"]",
      "instances": [
        {
          "schema_version": 1,
          "attributes": {
            "id": "default/ingress-guestbook",
            "metadata": [
              {
                "annotations": {
                  "kubernetes.io/ingress.global-static-ip-name": "thiagocloud-static-ip"
                },
                "generate_name": "",
                "generation": 1,
                "labels": {
                  "app": "ingress-nginx"
                },
                "name": "ingress-guestbook",
                "namespace": "default",
                "resource_version": "3445",
                "uid": "fcb26583-1a1d-4726-91e5-0b66a08468fd"
              }
            ],
            "spec": [
              {
                "backend": [
                  {
                    "service_name": "guestbook",
                    "service_port": "8080"
                  }
                ],
                "ingress_class_name": "",
                "rule": [
                  {
                    "host": "",
                    "http": [
                      {
                        "path": [
                          {
                            "backend": [
                              {
                                "service_name": "guestbook",
                                "service_port": "8080"
                              }
                            ],
                            "path": "/"
                          },
                          {
                            "backend": [
                              {
                                "service_name": "guestbook",
                                "service_port": "8080"
                              }
                            ],
                            "path": "/controllers.js"
                          }
                        ]
                      }
                    ]
                  }
                ],
                "tls": []
              }
            ],
            "status": [
              {
                "load_balancer": [
                  {
                    "ingress": [
                      {
                        "hostname": "",
                        "ip": "34.149.14.104"
                      }
                    ]
                  }
                ]
              }
            ],
            "wait_for_load_balancer": null
          },
          "sensitive_attributes": [],
          "private": "eyJzY2hlbWFfdmVyc2lvbiI6IjEifQ==",
          "dependencies": [
            "module.app_deploy.time_sleep.wait_30_seconds",
            "module.kubernetes_cluster.google_container_cluster.primary",
            "module.vpc_network.google_compute_network.ntw",
            "module.app_deploy.helm_release.myapp",
            "module.app_deploy.null_resource.next"
          ]
        }
      ]
    },
    {
      "module": "module.app_deploy",
      "mode": "managed",
      "type": "null_resource",
      "name": "next",
      "provider": "provider[\"registry.terraform.io/hashicorp/null\"]",
      "instances": [
        {
          "schema_version": 0,
          "attributes": {
            "id": "1790001860284366343",
            "triggers": null
          },
          "sensitive_attributes": [],
          "private": "bnVsbA==",
          "dependencies": [
            "module.app_deploy.helm_release.myapp",
            "module.app_deploy.time_sleep.wait_30_seconds",
            "module.kubernetes_cluster.google_container_cluster.primary",
            "module.vpc_network.google_compute_network.ntw"
          ]
        }
      ]
    },
    {
      "module": "module.app_deploy",
      "mode": "managed",
      "type": "time_sleep",
      "name": "wait_30_seconds",
      "provider": "provider[\"registry.terraform.io/hashicorp/time\"]",
      "instances": [
        {
          "schema_version": 0,
          "attributes": {
            "create_duration": "30s",
            "destroy_duration": null,
            "id": "2021-11-14T20:20:49Z",
            "triggers": null
          },
          "sensitive_attributes": [],
          "private": "bnVsbA==",
          "dependencies": [
            "module.app_deploy.helm_release.myapp",
            "module.kubernetes_cluster.google_container_cluster.primary",
            "module.vpc_network.google_compute_network.ntw"
          ]
        }
      ]
    },
    {
      "module": "module.fw_ssh",
      "mode": "managed",
      "type": "google_compute_firewall",
      "name": "default",
      "provider": "provider[\"registry.terraform.io/hashicorp/google\"]",
      "instances": [
        {
          "schema_version": 1,
          "attributes": {
            "allow": [
              {
                "ports": [
                  "22"
                ],
                "protocol": "tcp"
              }
            ],
            "creation_timestamp": "2021-11-14T11:36:26.082-08:00",
            "deny": [],
            "description": "Allow SSH for everyone",
            "destination_ranges": [],
            "direction": "INGRESS",
            "disabled": false,
            "enable_logging": null,
            "id": "projects/dxxr-331522/global/firewalls/allow-ssh",
            "log_config": [],
            "name": "allow-ssh",
            "network": "https://www.googleapis.com/compute/v1/projects/dxxr-331522/global/networks/my-cluster-network",
            "priority": 1000,
            "project": "dxxr-331522",
            "self_link": "https://www.googleapis.com/compute/v1/projects/dxxr-331522/global/firewalls/allow-ssh",
            "source_ranges": [
              "0.0.0.0/0"
            ],
            "source_service_accounts": [],
            "source_tags": [],
            "target_service_accounts": [],
            "target_tags": [],
            "timeouts": null
          },
          "sensitive_attributes": [],
          "private": "eyJlMmJmYjczMC1lY2FhLTExZTYtOGY4OC0zNDM2M2JjN2M0YzAiOnsiY3JlYXRlIjoyNDAwMDAwMDAwMDAsImRlbGV0ZSI6MjQwMDAwMDAwMDAwLCJ1cGRhdGUiOjI0MDAwMDAwMDAwMH0sInNjaGVtYV92ZXJzaW9uIjoiMSJ9",
          "dependencies": [
            "module.vpc_network.google_compute_network.ntw"
          ]
        }
      ]
    },
    {
      "module": "module.kubernetes_cluster",
      "mode": "managed",
      "type": "google_container_cluster",
      "name": "primary",
      "provider": "provider[\"registry.terraform.io/hashicorp/google\"]",
      "instances": [
        {
          "schema_version": 1,
          "attributes": {
            "addons_config": [
              {
                "cloudrun_config": [],
                "horizontal_pod_autoscaling": [],
                "http_load_balancing": [
                  {
                    "disabled": false
                  }
                ],
                "network_policy_config": [
                  {
                    "disabled": true
                  }
                ]
              }
            ],
            "authenticator_groups_config": [],
            "cluster_autoscaling": [
              {
                "auto_provisioning_defaults": [],
                "enabled": false,
                "resource_limits": []
              }
            ],
            "cluster_ipv4_cidr": "10.76.0.0/14",
            "database_encryption": [
              {
                "key_name": "",
                "state": "DECRYPTED"
              }
            ],
            "datapath_provider": "",
            "default_max_pods_per_node": null,
            "default_snat_status": [
              {
                "disabled": false
              }
            ],
            "description": "Test cluster to showcase CI/CD with k8s, Gitlab CI, and Helm",
            "enable_autopilot": false,
            "enable_binary_authorization": false,
            "enable_intranode_visibility": false,
            "enable_kubernetes_alpha": false,
            "enable_legacy_abac": false,
            "enable_shielded_nodes": true,
            "enable_tpu": false,
            "endpoint": "34.78.76.8",
            "id": "projects/dxxr-331522/locations/europe-west1-b/clusters/my-cluster",
            "initial_node_count": 4,
            "ip_allocation_policy": [],
            "label_fingerprint": "a9dc16a7",
            "location": "europe-west1-b",
            "logging_config": [
              {
                "enable_components": [
                  "SYSTEM_COMPONENTS",
                  "WORKLOADS"
                ]
              }
            ],
            "logging_service": "logging.googleapis.com/kubernetes",
            "maintenance_policy": [],
            "master_auth": [
              {
                "client_certificate": "",
                "client_certificate_config": [
                  {
                    "issue_client_certificate": false
                  }
                ],
                "client_key": "",
                "cluster_ca_certificate": "LS0tLS1CRUdJTiBDRVJUSUZJQ0FURS0tLS0tCk1JSUVMRENDQXBTZ0F3SUJBZ0lRSzR4UGpvZzhaenMyeEhMdGUwV2tKekFOQmdrcWhraUc5dzBCQVFzRkFEQXYKTVMwd0t3WURWUVFERXlRd01UazRaVFU0T0MweVkyRXhMVFEyWmpVdE9XUmlNeTFpWVROaVpHRTBOV1ExTTJVdwpJQmNOTWpFeE1URTBNVGd6TmpNd1doZ1BNakExTVRFeE1EY3hPVE0yTXpCYU1DOHhMVEFyQmdOVkJBTVRKREF4Ck9UaGxOVGc0TFRKallURXRORFptTlMwNVpHSXpMV0poTTJKa1lUUTFaRFV6WlRDQ0FhSXdEUVlKS29aSWh2Y04KQVFFQkJRQURnZ0dQQURDQ0FZb0NnZ0dCQUpsaVgwemd3cUxiWnZ2Yi9Ya0hnL2UxWnlvVVUra2xhblJ5STBscgp0Wjh2TnBmSi9WVCt2QmU1Q0g1OUY0OGdROTBrR1FKUDNVQXIzL1VQdllOTG1aWW43TFVrUzU4UlV1ZEt4TnJGCkhJRGpVYzBwR1QyazJQS2pkS096cXJwQWFxN0Z6T3ZCUjc1a2UrR0JzbUxLZUxwYzhmdTRnNERGYXQrbm5ONEsKMnFEY3RSb2FXeE1WUGg1YnYxYjdSdDl1RlhtUkdOQVNwSlVzbHIzaHFqNjlsc3MvS056RUtPUUQ5cCtKTDZtMwpOeWxzakdBbHZsMTNQTDA3Vjl6cVlqRUhUeXNMUGhQNUpMK0FXRThpQzBHK2g3YVRUd3puTHF6ZkdkOE5yZWhkCk8wZnBUU1hDYWJ5WjNHYWdoRXFkYTVsS1ByTkc0YURUWjNnL1hLbEhqbXo4cHRDQmM0aVZtTjlnMTU1K3FkUG8Kc3REbVp6YVJmam9lbHF1azZKbExUaXRaV3NGNG9tY3hML2ZsaG5McVF0R1pLN2tuRVoxb3VvbHVZSzkwdGozdQpPY0lsZFJLTHVrdlZUdHdpTGY0Skp3NjlDSVV4eTEyaFlwSTZ3eTNlT05yVnJmTExNUHQ4UGYvUnR2K0gvUVdUCkF1aWtvSVlOMTFaNzN5QUhtdnB0SE93Y1NRSURBUUFCbzBJd1FEQU9CZ05WSFE4QkFmOEVCQU1DQWdRd0R3WUQKVlIwVEFRSC9CQVV3QXdFQi96QWRCZ05WSFE0RUZnUVVYRHVZb3I3SFpyaWhvdklPcFVpbXVpV2pzdlF3RFFZSgpLb1pJaHZjTkFRRUxCUUFEZ2dHQkFIa251b0ZKZDJmMTE2b1FkQVpFOGpkbzVHSzJtRVp5ZHdDLzFZTjFybzlNCklDM1dlcFhlOUY2RDNoZWt1Wk1kekJnb01HNVBmRk9pL3JXTzdwQkJZNlhSYVZFcDVJbTRKaW5IbWJoZXZxWmoKTDNIZThwT0RTVEFTY1BYSHlqRmtRWW9oZmNoVHBLV0R5ZDJnR1cyT2tQVlUwNTdsMTA1ZVd3ZWRxMUErTnRxSgppTVExNWZDYzUzWEpHMGZESTE1OGdZK0I5d2pyYTkrdUFTL3Z0SnBqRlBBZUZZMDhlTksxVUxLUXMwdDI1TUpICkJ0UFV3NWdWZ2hjZ1REMFQ5MCtNSm5HZ0VxVG1SMWt4azZOMnNiTGs2c0U4bmRCcGYzb3g1SEJuZTBodnA3SUkKVEcvVTlVR285bVFIM3lTUW91UWp1a3pPQTBQcDBCZjluaVA0MWtJemh1bW0weDltajZTYk83WTZDSnQyY21JWAp1V1dpa01hZVNuR2ZPSEpkekVWWUxteDBvZElYUDhDMENDZXJyZWdRQlJ2YjA4TGJLWnpEeE5ZeWJhYjR3S0wyClh3cFBZRGhXM3pQQ1hYTlVOUUdESVA3TFMycHA0YnRDWGVld3dySlJ4SHBhK3VUOFMyZDFpbzZNVk5FdHJZYjgKNThpSEhqbndxbUZuWkVXNGw4YTRVdz09Ci0tLS0tRU5EIENFUlRJRklDQVRFLS0tLS0K"
              }
            ],
            "master_authorized_networks_config": [],
            "master_version": "1.20.10-gke.1600",
            "min_master_version": null,
            "monitoring_config": [
              {
                "enable_components": [
                  "SYSTEM_COMPONENTS"
                ]
              }
            ],
            "monitoring_service": "monitoring.googleapis.com/kubernetes",
            "name": "my-cluster",
            "network": "projects/dxxr-331522/global/networks/my-cluster-network",
            "network_policy": [
              {
                "enabled": false,
                "provider": "PROVIDER_UNSPECIFIED"
              }
            ],
            "networking_mode": "ROUTES",
            "node_config": [
              {
                "disk_size_gb": 10,
                "disk_type": "pd-standard",
                "guest_accelerator": [],
                "image_type": "COS",
                "labels": {},
                "local_ssd_count": 0,
                "machine_type": "n1-standard-1",
                "metadata": {
                  "disable-legacy-endpoints": "true"
                },
                "min_cpu_platform": "",
                "oauth_scopes": [
                  "https://www.googleapis.com/auth/compute",
                  "https://www.googleapis.com/auth/devstorage.read_only",
                  "https://www.googleapis.com/auth/logging.write",
                  "https://www.googleapis.com/auth/monitoring"
                ],
                "preemptible": false,
                "service_account": "default",
                "shielded_instance_config": [
                  {
                    "enable_integrity_monitoring": true,
                    "enable_secure_boot": false
                  }
                ],
                "tags": [
                  "my-cluster-cluster",
                  "nodes"
                ],
                "taint": [],
                "workload_metadata_config": []
              }
            ],
            "node_locations": [],
            "node_pool": [
              {
                "autoscaling": [],
                "initial_node_count": 4,
                "instance_group_urls": [
                  "https://www.googleapis.com/compute/v1/projects/dxxr-331522/zones/europe-west1-b/instanceGroupManagers/gke-my-cluster-default-pool-9d10186f-grp"
                ],
                "managed_instance_group_urls": [
                  "https://www.googleapis.com/compute/v1/projects/dxxr-331522/zones/europe-west1-b/instanceGroups/gke-my-cluster-default-pool-9d10186f-grp"
                ],
                "management": [
                  {
                    "auto_repair": true,
                    "auto_upgrade": true
                  }
                ],
                "max_pods_per_node": 0,
                "name": "default-pool",
                "name_prefix": "",
                "node_config": [
                  {
                    "disk_size_gb": 10,
                    "disk_type": "pd-standard",
                    "guest_accelerator": [],
                    "image_type": "COS",
                    "labels": {},
                    "local_ssd_count": 0,
                    "machine_type": "n1-standard-1",
                    "metadata": {
                      "disable-legacy-endpoints": "true"
                    },
                    "min_cpu_platform": "",
                    "oauth_scopes": [
                      "https://www.googleapis.com/auth/compute",
                      "https://www.googleapis.com/auth/devstorage.read_only",
                      "https://www.googleapis.com/auth/logging.write",
                      "https://www.googleapis.com/auth/monitoring"
                    ],
                    "preemptible": false,
                    "service_account": "default",
                    "shielded_instance_config": [
                      {
                        "enable_integrity_monitoring": true,
                        "enable_secure_boot": false
                      }
                    ],
                    "tags": [
                      "my-cluster-cluster",
                      "nodes"
                    ],
                    "taint": [],
                    "workload_metadata_config": []
                  }
                ],
                "node_count": 4,
                "node_locations": [
                  "europe-west1-b"
                ],
                "upgrade_settings": [
                  {
                    "max_surge": 1,
                    "max_unavailable": 0
                  }
                ],
                "version": "1.20.10-gke.1600"
              }
            ],
            "node_version": "1.20.10-gke.1600",
            "operation": null,
            "private_cluster_config": [],
            "private_ipv6_google_access": "",
            "project": "dxxr-331522",
            "release_channel": [
              {
                "channel": "REGULAR"
              }
            ],
            "remove_default_node_pool": null,
            "resource_labels": {},
            "resource_usage_export_config": [],
            "self_link": "https://container.googleapis.com/v1/projects/dxxr-331522/zones/europe-west1-b/clusters/my-cluster",
            "services_ipv4_cidr": "10.79.240.0/20",
            "subnetwork": "projects/dxxr-331522/regions/europe-west1/subnetworks/my-cluster-network",
            "timeouts": null,
            "tpu_ipv4_cidr_block": "",
            "vertical_pod_autoscaling": [],
            "workload_identity_config": []
          },
          "sensitive_attributes": [],
          "private": "eyJlMmJmYjczMC1lY2FhLTExZTYtOGY4OC0zNDM2M2JjN2M0YzAiOnsiY3JlYXRlIjoyNDAwMDAwMDAwMDAwLCJkZWxldGUiOjI0MDAwMDAwMDAwMDAsInJlYWQiOjI0MDAwMDAwMDAwMDAsInVwZGF0ZSI6MzYwMDAwMDAwMDAwMH0sInNjaGVtYV92ZXJzaW9uIjoiMSJ9",
          "dependencies": [
            "module.vpc_network.google_compute_network.ntw"
          ]
        }
      ]
    },
    {
      "module": "module.vpc_network",
      "mode": "managed",
      "type": "google_compute_network",
      "name": "ntw",
      "provider": "provider[\"registry.terraform.io/hashicorp/google\"]",
      "instances": [
        {
          "schema_version": 0,
          "attributes": {
            "auto_create_subnetworks": true,
            "delete_default_routes_on_create": false,
            "description": "K8s cluster network",
            "gateway_ipv4": "",
            "id": "projects/dxxr-331522/global/networks/my-cluster-network",
            "mtu": 0,
            "name": "my-cluster-network",
            "project": "dxxr-331522",
            "routing_mode": "REGIONAL",
            "self_link": "https://www.googleapis.com/compute/v1/projects/dxxr-331522/global/networks/my-cluster-network",
            "timeouts": null
          },
          "sensitive_attributes": [],
          "private": "eyJlMmJmYjczMC1lY2FhLTExZTYtOGY4OC0zNDM2M2JjN2M0YzAiOnsiY3JlYXRlIjoyNDAwMDAwMDAwMDAsImRlbGV0ZSI6MjQwMDAwMDAwMDAwLCJ1cGRhdGUiOjI0MDAwMDAwMDAwMH19"
        }
      ]
    }
  ]
}
