{
  "version": 4,
  "terraform_version": "1.0.10",
  "serial": 69,
  "lineage": "26f0e945-bfc6-7453-a107-ad3fcfdef375",
  "outputs": {
    "gitlab_static_ip": {
      "value": "34.140.59.205",
      "type": "string"
    },
    "kubconfig": {
      "value": " ... \nRun command to configure access via kubectl:\n$ gcloud container clusters get-credentials my-cluster --zone europe-west1-b --project dxxr-331522",
      "type": "string"
    },
    "thiagocloud_static_ip": {
      "value": "34.149.161.140",
      "type": "string"
    }
  },
  "resources": [
    {
      "mode": "managed",
      "type": "google_compute_address",
      "name": "gitlab_static_ip",
      "provider": "provider[\"registry.terraform.io/hashicorp/google\"]",
      "instances": [
        {
          "schema_version": 0,
          "attributes": {
            "address": "34.140.59.205",
            "address_type": "EXTERNAL",
            "creation_timestamp": "2021-11-12T00:35:03.999-08:00",
            "description": "",
            "id": "projects/dxxr-331522/regions/europe-west1/addresses/gitlab-static-ip",
            "name": "gitlab-static-ip",
            "network": "",
            "network_tier": "PREMIUM",
            "prefix_length": 0,
            "project": "dxxr-331522",
            "purpose": "",
            "region": "europe-west1",
            "self_link": "https://www.googleapis.com/compute/v1/projects/dxxr-331522/regions/europe-west1/addresses/gitlab-static-ip",
            "subnetwork": "",
            "timeouts": null,
            "users": []
          },
          "sensitive_attributes": [],
          "private": "eyJlMmJmYjczMC1lY2FhLTExZTYtOGY4OC0zNDM2M2JjN2M0YzAiOnsiY3JlYXRlIjoyNDAwMDAwMDAwMDAsImRlbGV0ZSI6MjQwMDAwMDAwMDAwfX0="
        }
      ]
    },
    {
      "mode": "managed",
      "type": "google_compute_global_address",
      "name": "thiagocloud_static_ip",
      "provider": "provider[\"registry.terraform.io/hashicorp/google\"]",
      "instances": [
        {
          "schema_version": 0,
          "attributes": {
            "address": "34.149.161.140",
            "address_type": "EXTERNAL",
            "creation_timestamp": "2021-11-12T14:03:04.756-08:00",
            "description": "",
            "id": "projects/dxxr-331522/global/addresses/thiagocloud-static-ip",
            "ip_version": "",
            "name": "thiagocloud-static-ip",
            "network": "",
            "prefix_length": 0,
            "project": "dxxr-331522",
            "purpose": "",
            "self_link": "https://www.googleapis.com/compute/v1/projects/dxxr-331522/global/addresses/thiagocloud-static-ip",
            "timeouts": null
          },
          "sensitive_attributes": [],
          "private": "eyJlMmJmYjczMC1lY2FhLTExZTYtOGY4OC0zNDM2M2JjN2M0YzAiOnsiY3JlYXRlIjoyNDAwMDAwMDAwMDAsImRlbGV0ZSI6MjQwMDAwMDAwMDAwfX0="
        }
      ]
    },
    {
      "mode": "managed",
      "type": "google_dns_managed_zone",
      "name": "primary",
      "provider": "provider[\"registry.terraform.io/hashicorp/google\"]",
      "instances": [
        {
          "schema_version": 0,
          "attributes": {
            "description": "DNS zone for the Thiago Cloud",
            "dns_name": "cloud.thiagofmleite.com.",
            "dnssec_config": [],
            "force_destroy": false,
            "forwarding_config": [],
            "id": "projects/dxxr-331522/managedZones/thiagocloud-zone",
            "labels": {},
            "name": "thiagocloud-zone",
            "name_servers": [
              "ns-cloud-c1.googledomains.com.",
              "ns-cloud-c2.googledomains.com.",
              "ns-cloud-c3.googledomains.com.",
              "ns-cloud-c4.googledomains.com."
            ],
            "peering_config": [],
            "private_visibility_config": [],
            "project": "dxxr-331522",
            "timeouts": null,
            "visibility": "public"
          },
          "sensitive_attributes": [],
          "private": "eyJlMmJmYjczMC1lY2FhLTExZTYtOGY4OC0zNDM2M2JjN2M0YzAiOnsiY3JlYXRlIjoyNDAwMDAwMDAwMDAsImRlbGV0ZSI6MjQwMDAwMDAwMDAwLCJ1cGRhdGUiOjI0MDAwMDAwMDAwMH19"
        }
      ]
    },
    {
      "mode": "managed",
      "type": "google_dns_record_set",
      "name": "a_thiagocloud",
      "provider": "provider[\"registry.terraform.io/hashicorp/google\"]",
      "instances": [
        {
          "schema_version": 0,
          "attributes": {
            "id": "projects/dxxr-331522/managedZones/thiagocloud-zone/rrsets/cloud.thiagofmleite.com./A",
            "managed_zone": "thiagocloud-zone",
            "name": "cloud.thiagofmleite.com.",
            "project": "dxxr-331522",
            "rrdatas": [
              "34.149.161.140"
            ],
            "ttl": 300,
            "type": "A"
          },
          "sensitive_attributes": [],
          "private": "bnVsbA==",
          "dependencies": [
            "google_compute_global_address.thiagocloud_static_ip",
            "google_dns_managed_zone.primary"
          ]
        }
      ]
    },
    {
      "mode": "managed",
      "type": "google_dns_record_set",
      "name": "cname_thiagocloud",
      "provider": "provider[\"registry.terraform.io/hashicorp/google\"]",
      "instances": [
        {
          "schema_version": 0,
          "attributes": {
            "id": "projects/dxxr-331522/managedZones/thiagocloud-zone/rrsets/www.cloud.thiagofmleite.com./CNAME",
            "managed_zone": "thiagocloud-zone",
            "name": "www.cloud.thiagofmleite.com.",
            "project": "dxxr-331522",
            "rrdatas": [
              "cloud.thiagofmleite.com."
            ],
            "ttl": 300,
            "type": "CNAME"
          },
          "sensitive_attributes": [],
          "private": "bnVsbA==",
          "dependencies": [
            "google_dns_managed_zone.primary"
          ]
        }
      ]
    },
    {
      "mode": "managed",
      "type": "google_dns_record_set",
      "name": "gitlab",
      "provider": "provider[\"registry.terraform.io/hashicorp/google\"]",
      "instances": [
        {
          "schema_version": 0,
          "attributes": {
            "id": "projects/dxxr-331522/managedZones/thiagocloud-zone/rrsets/*.ci.cloud.thiagofmleite.com./A",
            "managed_zone": "thiagocloud-zone",
            "name": "*.ci.cloud.thiagofmleite.com.",
            "project": "dxxr-331522",
            "rrdatas": [
              "34.140.59.205"
            ],
            "ttl": 300,
            "type": "A"
          },
          "sensitive_attributes": [],
          "private": "bnVsbA==",
          "dependencies": [
            "google_compute_address.gitlab_static_ip",
            "google_dns_managed_zone.primary"
          ]
        }
      ]
    },
    {
      "module": "module.fw_ssh",
      "mode": "managed",
      "type": "google_compute_firewall",
      "name": "default",
      "provider": "provider[\"registry.terraform.io/hashicorp/google\"]",
      "instances": [
        {
          "schema_version": 1,
          "attributes": {
            "allow": [
              {
                "ports": [
                  "22"
                ],
                "protocol": "tcp"
              }
            ],
            "creation_timestamp": "2021-11-12T00:21:40.355-08:00",
            "deny": [],
            "description": "Allow SSH for everyone",
            "destination_ranges": [],
            "direction": "INGRESS",
            "disabled": false,
            "enable_logging": null,
            "id": "projects/dxxr-331522/global/firewalls/allow-ssh",
            "log_config": [],
            "name": "allow-ssh",
            "network": "https://www.googleapis.com/compute/v1/projects/dxxr-331522/global/networks/my-cluster-network2",
            "priority": 1000,
            "project": "dxxr-331522",
            "self_link": "https://www.googleapis.com/compute/v1/projects/dxxr-331522/global/firewalls/allow-ssh",
            "source_ranges": [
              "0.0.0.0/0"
            ],
            "source_service_accounts": [],
            "source_tags": [],
            "target_service_accounts": [],
            "target_tags": [],
            "timeouts": null
          },
          "sensitive_attributes": [],
          "private": "eyJlMmJmYjczMC1lY2FhLTExZTYtOGY4OC0zNDM2M2JjN2M0YzAiOnsiY3JlYXRlIjoyNDAwMDAwMDAwMDAsImRlbGV0ZSI6MjQwMDAwMDAwMDAwLCJ1cGRhdGUiOjI0MDAwMDAwMDAwMH0sInNjaGVtYV92ZXJzaW9uIjoiMSJ9",
          "dependencies": [
            "module.vpc_network.google_compute_network.ntw"
          ]
        }
      ]
    },
    {
      "module": "module.vpc_network",
      "mode": "managed",
      "type": "google_compute_network",
      "name": "ntw",
      "provider": "provider[\"registry.terraform.io/hashicorp/google\"]",
      "instances": [
        {
          "schema_version": 0,
          "attributes": {
            "auto_create_subnetworks": true,
            "delete_default_routes_on_create": false,
            "description": "K8s cluster network",
            "gateway_ipv4": "",
            "id": "projects/dxxr-331522/global/networks/my-cluster-network2",
            "mtu": 0,
            "name": "my-cluster-network2",
            "project": "dxxr-331522",
            "routing_mode": "REGIONAL",
            "self_link": "https://www.googleapis.com/compute/v1/projects/dxxr-331522/global/networks/my-cluster-network2",
            "timeouts": null
          },
          "sensitive_attributes": [],
          "private": "eyJlMmJmYjczMC1lY2FhLTExZTYtOGY4OC0zNDM2M2JjN2M0YzAiOnsiY3JlYXRlIjoyNDAwMDAwMDAwMDAsImRlbGV0ZSI6MjQwMDAwMDAwMDAwLCJ1cGRhdGUiOjI0MDAwMDAwMDAwMH19"
        }
      ]
    }
  ]
}
